// !$*UTF8*$!
{
	archiveVersion = 1;
	classes = {
	};
	objectVersion = 55;
	objects = {

/* Begin PBXBuildFile section */
		8425D42E2836838500E5BB9F /* AppDelegate.swift in Sources */ = {isa = PBXBuildFile; fileRef = 8425D42D2836838500E5BB9F /* AppDelegate.swift */; };
		8425D4302836838500E5BB9F /* SceneDelegate.swift in Sources */ = {isa = PBXBuildFile; fileRef = 8425D42F2836838500E5BB9F /* SceneDelegate.swift */; };
		8425D4322836838500E5BB9F /* ViewController.swift in Sources */ = {isa = PBXBuildFile; fileRef = 8425D4312836838500E5BB9F /* ViewController.swift */; };
		8425D4352836838500E5BB9F /* Main.storyboard in Resources */ = {isa = PBXBuildFile; fileRef = 8425D4332836838500E5BB9F /* Main.storyboard */; };
		8425D4372836838700E5BB9F /* Assets.xcassets in Resources */ = {isa = PBXBuildFile; fileRef = 8425D4362836838700E5BB9F /* Assets.xcassets */; };
		8425D43A2836838700E5BB9F /* LaunchScreen.storyboard in Resources */ = {isa = PBXBuildFile; fileRef = 8425D4382836838700E5BB9F /* LaunchScreen.storyboard */; };
		8425D4452836838700E5BB9F /* AutoFillOTPTests.swift in Sources */ = {isa = PBXBuildFile; fileRef = 8425D4442836838700E5BB9F /* AutoFillOTPTests.swift */; };
		8425D44F2836838700E5BB9F /* AutoFillOTPUITests.swift in Sources */ = {isa = PBXBuildFile; fileRef = 8425D44E2836838700E5BB9F /* AutoFillOTPUITests.swift */; };
		8425D4512836838700E5BB9F /* AutoFillOTPUITestsLaunchTests.swift in Sources */ = {isa = PBXBuildFile; fileRef = 8425D4502836838700E5BB9F /* AutoFillOTPUITestsLaunchTests.swift */; };
/* End PBXBuildFile section */

/* Begin PBXContainerItemProxy section */
		8425D4412836838700E5BB9F /* PBXContainerItemProxy */ = {
			isa = PBXContainerItemProxy;
			containerPortal = 8425D4222836838500E5BB9F /* Project object */;
			proxyType = 1;
			remoteGlobalIDString = 8425D4292836838500E5BB9F;
			remoteInfo = AutoFillOTP;
		};
		8425D44B2836838700E5BB9F /* PBXContainerItemProxy */ = {
			isa = PBXContainerItemProxy;
			containerPortal = 8425D4222836838500E5BB9F /* Project object */;
			proxyType = 1;
			remoteGlobalIDString = 8425D4292836838500E5BB9F;
			remoteInfo = AutoFillOTP;
		};
/* End PBXContainerItemProxy section */

/* Begin PBXFileReference section */
		8425D42A2836838500E5BB9F /* AutoFillOTP.app */ = {isa = PBXFileReference; explicitFileType = wrapper.application; includeInIndex = 0; path = AutoFillOTP.app; sourceTree = BUILT_PRODUCTS_DIR; };
		8425D42D2836838500E5BB9F /* AppDelegate.swift */ = {isa = PBXFileReference; lastKnownFileType = sourcecode.swift; path = AppDelegate.swift; sourceTree = "<group>"; };
		8425D42F2836838500E5BB9F /* SceneDelegate.swift */ = {isa = PBXFileReference; lastKnownFileType = sourcecode.swift; path = SceneDelegate.swift; sourceTree = "<group>"; };
		8425D4312836838500E5BB9F /* ViewController.swift */ = {isa = PBXFileReference; lastKnownFileType = sourcecode.swift; path = ViewController.swift; sourceTree = "<group>"; };
		8425D4342836838500E5BB9F /* Base */ = {isa = PBXFileReference; lastKnownFileType = file.storyboard; name = Base; path = Base.lproj/Main.storyboard; sourceTree = "<group>"; };
		8425D4362836838700E5BB9F /* Assets.xcassets */ = {isa = PBXFileReference; lastKnownFileType = folder.assetcatalog; path = Assets.xcassets; sourceTree = "<group>"; };
		8425D4392836838700E5BB9F /* Base */ = {isa = PBXFileReference; lastKnownFileType = file.storyboard; name = Base; path = Base.lproj/LaunchScreen.storyboard; sourceTree = "<group>"; };
		8425D43B2836838700E5BB9F /* Info.plist */ = {isa = PBXFileReference; lastKnownFileType = text.plist.xml; path = Info.plist; sourceTree = "<group>"; };
		8425D4402836838700E5BB9F /* AutoFillOTPTests.xctest */ = {isa = PBXFileReference; explicitFileType = wrapper.cfbundle; includeInIndex = 0; path = AutoFillOTPTests.xctest; sourceTree = BUILT_PRODUCTS_DIR; };
		8425D4442836838700E5BB9F /* AutoFillOTPTests.swift */ = {isa = PBXFileReference; lastKnownFileType = sourcecode.swift; path = AutoFillOTPTests.swift; sourceTree = "<group>"; };
		8425D44A2836838700E5BB9F /* AutoFillOTPUITests.xctest */ = {isa = PBXFileReference; explicitFileType = wrapper.cfbundle; includeInIndex = 0; path = AutoFillOTPUITests.xctest; sourceTree = BUILT_PRODUCTS_DIR; };
		8425D44E2836838700E5BB9F /* AutoFillOTPUITests.swift */ = {isa = PBXFileReference; lastKnownFileType = sourcecode.swift; path = AutoFillOTPUITests.swift; sourceTree = "<group>"; };
		8425D4502836838700E5BB9F /* AutoFillOTPUITestsLaunchTests.swift */ = {isa = PBXFileReference; lastKnownFileType = sourcecode.swift; path = AutoFillOTPUITestsLaunchTests.swift; sourceTree = "<group>"; };
/* End PBXFileReference section */

/* Begin PBXFrameworksBuildPhase section */
		8425D4272836838500E5BB9F /* Frameworks */ = {
			isa = PBXFrameworksBuildPhase;
			buildActionMask = 2147483647;
			files = (
			);
			runOnlyForDeploymentPostprocessing = 0;
		};
		8425D43D2836838700E5BB9F /* Frameworks */ = {
			isa = PBXFrameworksBuildPhase;
			buildActionMask = 2147483647;
			files = (
			);
			runOnlyForDeploymentPostprocessing = 0;
		};
		8425D4472836838700E5BB9F /* Frameworks */ = {
			isa = PBXFrameworksBuildPhase;
			buildActionMask = 2147483647;
			files = (
			);
			runOnlyForDeploymentPostprocessing = 0;
		};
/* End PBXFrameworksBuildPhase section */

/* Begin PBXGroup section */
		8425D4212836838500E5BB9F = {
			isa = PBXGroup;
			children = (
				8425D42C2836838500E5BB9F /* AutoFillOTP */,
				8425D4432836838700E5BB9F /* AutoFillOTPTests */,
				8425D44D2836838700E5BB9F /* AutoFillOTPUITests */,
				8425D42B2836838500E5BB9F /* Products */,
			);
			sourceTree = "<group>";
		};
		8425D42B2836838500E5BB9F /* Products */ = {
			isa = PBXGroup;
			children = (
				8425D42A2836838500E5BB9F /* AutoFillOTP.app */,
				8425D4402836838700E5BB9F /* AutoFillOTPTests.xctest */,
				8425D44A2836838700E5BB9F /* AutoFillOTPUITests.xctest */,
			);
			name = Products;
			sourceTree = "<group>";
		};
		8425D42C2836838500E5BB9F /* AutoFillOTP */ = {
			isa = PBXGroup;
			children = (
				8425D42D2836838500E5BB9F /* AppDelegate.swift */,
				8425D42F2836838500E5BB9F /* SceneDelegate.swift */,
				8425D4312836838500E5BB9F /* ViewController.swift */,
				8425D4332836838500E5BB9F /* Main.storyboard */,
				8425D4362836838700E5BB9F /* Assets.xcassets */,
				8425D4382836838700E5BB9F /* LaunchScreen.storyboard */,
				8425D43B2836838700E5BB9F /* Info.plist */,
			);
			path = AutoFillOTP;
			sourceTree = "<group>";
		};
		8425D4432836838700E5BB9F /* AutoFillOTPTests */ = {
			isa = PBXGroup;
			children = (
				8425D4442836838700E5BB9F /* AutoFillOTPTests.swift */,
			);
			path = AutoFillOTPTests;
			sourceTree = "<group>";
		};
		8425D44D2836838700E5BB9F /* AutoFillOTPUITests */ = {
			isa = PBXGroup;
			children = (
				8425D44E2836838700E5BB9F /* AutoFillOTPUITests.swift */,
				8425D4502836838700E5BB9F /* AutoFillOTPUITestsLaunchTests.swift */,
			);
			path = AutoFillOTPUITests;
			sourceTree = "<group>";
		};
/* End PBXGroup section */

/* Begin PBXNativeTarget section */
		8425D4292836838500E5BB9F /* AutoFillOTP */ = {
			isa = PBXNativeTarget;
			buildConfigurationList = 8425D4542836838700E5BB9F /* Build configuration list for PBXNativeTarget "AutoFillOTP" */;
			buildPhases = (
				8425D4262836838500E5BB9F /* Sources */,
				8425D4272836838500E5BB9F /* Frameworks */,
				8425D4282836838500E5BB9F /* Resources */,
			);
			buildRules = (
			);
			dependencies = (
			);
			name = AutoFillOTP;
			productName = AutoFillOTP;
			productReference = 8425D42A2836838500E5BB9F /* AutoFillOTP.app */;
			productType = "com.apple.product-type.application";
		};
		8425D43F2836838700E5BB9F /* AutoFillOTPTests */ = {
			isa = PBXNativeTarget;
			buildConfigurationList = 8425D4572836838700E5BB9F /* Build configuration list for PBXNativeTarget "AutoFillOTPTests" */;
			buildPhases = (
				8425D43C2836838700E5BB9F /* Sources */,
				8425D43D2836838700E5BB9F /* Frameworks */,
				8425D43E2836838700E5BB9F /* Resources */,
			);
			buildRules = (
			);
			dependencies = (
				8425D4422836838700E5BB9F /* PBXTargetDependency */,
			);
			name = AutoFillOTPTests;
			productName = AutoFillOTPTests;
			productReference = 8425D4402836838700E5BB9F /* AutoFillOTPTests.xctest */;
			productType = "com.apple.product-type.bundle.unit-test";
		};
		8425D4492836838700E5BB9F /* AutoFillOTPUITests */ = {
			isa = PBXNativeTarget;
			buildConfigurationList = 8425D45A2836838700E5BB9F /* Build configuration list for PBXNativeTarget "AutoFillOTPUITests" */;
			buildPhases = (
				8425D4462836838700E5BB9F /* Sources */,
				8425D4472836838700E5BB9F /* Frameworks */,
				8425D4482836838700E5BB9F /* Resources */,
			);
			buildRules = (
			);
			dependencies = (
				8425D44C2836838700E5BB9F /* PBXTargetDependency */,
			);
			name = AutoFillOTPUITests;
			productName = AutoFillOTPUITests;
			productReference = 8425D44A2836838700E5BB9F /* AutoFillOTPUITests.xctest */;
			productType = "com.apple.product-type.bundle.ui-testing";
		};
/* End PBXNativeTarget section */

/* Begin PBXProject section */
		8425D4222836838500E5BB9F /* Project object */ = {
			isa = PBXProject;
			attributes = {
				BuildIndependentTargetsInParallel = 1;
				LastSwiftUpdateCheck = 1330;
				LastUpgradeCheck = 1330;
				TargetAttributes = {
					8425D4292836838500E5BB9F = {
						CreatedOnToolsVersion = 13.3.1;
					};
					8425D43F2836838700E5BB9F = {
						CreatedOnToolsVersion = 13.3.1;
						TestTargetID = 8425D4292836838500E5BB9F;
					};
					8425D4492836838700E5BB9F = {
						CreatedOnToolsVersion = 13.3.1;
						TestTargetID = 8425D4292836838500E5BB9F;
					};
				};
			};
			buildConfigurationList = 8425D4252836838500E5BB9F /* Build configuration list for PBXProject "AutoFillOTP" */;
			compatibilityVersion = "Xcode 13.0";
			developmentRegion = en;
			hasScannedForEncodings = 0;
			knownRegions = (
				en,
				Base,
			);
			mainGroup = 8425D4212836838500E5BB9F;
			productRefGroup = 8425D42B2836838500E5BB9F /* Products */;
			projectDirPath = "";
			projectRoot = "";
			targets = (
				8425D4292836838500E5BB9F /* AutoFillOTP */,
				8425D43F2836838700E5BB9F /* AutoFillOTPTests */,
				8425D4492836838700E5BB9F /* AutoFillOTPUITests */,
			);
		};
/* End PBXProject section */

/* Begin PBXResourcesBuildPhase section */
		8425D4282836838500E5BB9F /* Resources */ = {
			isa = PBXResourcesBuildPhase;
			buildActionMask = 2147483647;
			files = (
				8425D43A2836838700E5BB9F /* LaunchScreen.storyboard in Resources */,
				8425D4372836838700E5BB9F /* Assets.xcassets in Resources */,
				8425D4352836838500E5BB9F /* Main.storyboard in Resources */,
			);
			runOnlyForDeploymentPostprocessing = 0;
		};
		8425D43E2836838700E5BB9F /* Resources */ = {
			isa = PBXResourcesBuildPhase;
			buildActionMask = 2147483647;
			files = (
			);
			runOnlyForDeploymentPostprocessing = 0;
		};
		8425D4482836838700E5BB9F /* Resources */ = {
			isa = PBXResourcesBuildPhase;
			buildActionMask = 2147483647;
			files = (
			);
			runOnlyForDeploymentPostprocessing = 0;
		};
/* End PBXResourcesBuildPhase section */

/* Begin PBXSourcesBuildPhase section */
		8425D4262836838500E5BB9F /* Sources */ = {
			isa = PBXSourcesBuildPhase;
			buildActionMask = 2147483647;
			files = (
				8425D4322836838500E5BB9F /* ViewController.swift in Sources */,
				8425D42E2836838500E5BB9F /* AppDelegate.swift in Sources */,
				8425D4302836838500E5BB9F /* SceneDelegate.swift in Sources */,
			);
			runOnlyForDeploymentPostprocessing = 0;
		};
		8425D43C2836838700E5BB9F /* Sources */ = {
			isa = PBXSourcesBuildPhase;
			buildActionMask = 2147483647;
			files = (
				8425D4452836838700E5BB9F /* AutoFillOTPTests.swift in Sources */,
			);
			runOnlyForDeploymentPostprocessing = 0;
		};
		8425D4462836838700E5BB9F /* Sources */ = {
			isa = PBXSourcesBuildPhase;
			buildActionMask = 2147483647;
			files = (
				8425D4512836838700E5BB9F /* AutoFillOTPUITestsLaunchTests.swift in Sources */,
				8425D44F2836838700E5BB9F /* AutoFillOTPUITests.swift in Sources */,
			);
			runOnlyForDeploymentPostprocessing = 0;
		};
/* End PBXSourcesBuildPhase section */

/* Begin PBXTargetDependency section */
		8425D4422836838700E5BB9F /* PBXTargetDependency */ = {
			isa = PBXTargetDependency;
			target = 8425D4292836838500E5BB9F /* AutoFillOTP */;
			targetProxy = 8425D4412836838700E5BB9F /* PBXContainerItemProxy */;
		};
		8425D44C2836838700E5BB9F /* PBXTargetDependency */ = {
			isa = PBXTargetDependency;
			target = 8425D4292836838500E5BB9F /* AutoFillOTP */;
			targetProxy = 8425D44B2836838700E5BB9F /* PBXContainerItemProxy */;
		};
/* End PBXTargetDependency section */

/* Begin PBXVariantGroup section */
		8425D4332836838500E5BB9F /* Main.storyboard */ = {
			isa = PBXVariantGroup;
			children = (
				8425D4342836838500E5BB9F /* Base */,
			);
			name = Main.storyboard;
			sourceTree = "<group>";
		};
		8425D4382836838700E5BB9F /* LaunchScreen.storyboard */ = {
			isa = PBXVariantGroup;
			children = (
				8425D4392836838700E5BB9F /* Base */,
			);
			name = LaunchScreen.storyboard;
			sourceTree = "<group>";
		};
/* End PBXVariantGroup section */

/* Begin XCBuildConfiguration section */
		8425D4522836838700E5BB9F /* Debug */ = {
			isa = XCBuildConfiguration;
			buildSettings = {
				ALWAYS_SEARCH_USER_PATHS = NO;
				CLANG_ANALYZER_NONNULL = YES;
				CLANG_ANALYZER_NUMBER_OBJECT_CONVERSION = YES_AGGRESSIVE;
				CLANG_CXX_LANGUAGE_STANDARD = "gnu++17";
				CLANG_ENABLE_MODULES = YES;
				CLANG_ENABLE_OBJC_ARC = YES;
				CLANG_ENABLE_OBJC_WEAK = YES;
				CLANG_WARN_BLOCK_CAPTURE_AUTORELEASING = YES;
				CLANG_WARN_BOOL_CONVERSION = YES;
				CLANG_WARN_COMMA = YES;
				CLANG_WARN_CONSTANT_CONVERSION = YES;
				CLANG_WARN_DEPRECATED_OBJC_IMPLEMENTATIONS = YES;
				CLANG_WARN_DIRECT_OBJC_ISA_USAGE = YES_ERROR;
				CLANG_WARN_DOCUMENTATION_COMMENTS = YES;
				CLANG_WARN_EMPTY_BODY = YES;
				CLANG_WARN_ENUM_CONVERSION = YES;
				CLANG_WARN_INFINITE_RECURSION = YES;
				CLANG_WARN_INT_CONVERSION = YES;
				CLANG_WARN_NON_LITERAL_NULL_CONVERSION = YES;
				CLANG_WARN_OBJC_IMPLICIT_RETAIN_SELF = YES;
				CLANG_WARN_OBJC_LITERAL_CONVERSION = YES;
				CLANG_WARN_OBJC_ROOT_CLASS = YES_ERROR;
				CLANG_WARN_QUOTED_INCLUDE_IN_FRAMEWORK_HEADER = YES;
				CLANG_WARN_RANGE_LOOP_ANALYSIS = YES;
				CLANG_WARN_STRICT_PROTOTYPES = YES;
				CLANG_WARN_SUSPICIOUS_MOVE = YES;
				CLANG_WARN_UNGUARDED_AVAILABILITY = YES_AGGRESSIVE;
				CLANG_WARN_UNREACHABLE_CODE = YES;
				CLANG_WARN__DUPLICATE_METHOD_MATCH = YES;
				COPY_PHASE_STRIP = NO;
				DEBUG_INFORMATION_FORMAT = dwarf;
				ENABLE_STRICT_OBJC_MSGSEND = YES;
				ENABLE_TESTABILITY = YES;
				GCC_C_LANGUAGE_STANDARD = gnu11;
				GCC_DYNAMIC_NO_PIC = NO;
				GCC_NO_COMMON_BLOCKS = YES;
				GCC_OPTIMIZATION_LEVEL = 0;
				GCC_PREPROCESSOR_DEFINITIONS = (
					"DEBUG=1",
					"$(inherited)",
				);
				GCC_WARN_64_TO_32_BIT_CONVERSION = YES;
				GCC_WARN_ABOUT_RETURN_TYPE = YES_ERROR;
				GCC_WARN_UNDECLARED_SELECTOR = YES;
				GCC_WARN_UNINITIALIZED_AUTOS = YES_AGGRESSIVE;
				GCC_WARN_UNUSED_FUNCTION = YES;
				GCC_WARN_UNUSED_VARIABLE = YES;
				IPHONEOS_DEPLOYMENT_TARGET = 15.4;
				MTL_ENABLE_DEBUG_INFO = INCLUDE_SOURCE;
				MTL_FAST_MATH = YES;
				ONLY_ACTIVE_ARCH = YES;
				SDKROOT = iphoneos;
				SWIFT_ACTIVE_COMPILATION_CONDITIONS = DEBUG;
				SWIFT_OPTIMIZATION_LEVEL = "-Onone";
			};
			name = Debug;
		};
		8425D4532836838700E5BB9F /* Release */ = {
			isa = XCBuildConfiguration;
			buildSettings = {
				ALWAYS_SEARCH_USER_PATHS = NO;
				CLANG_ANALYZER_NONNULL = YES;
				CLANG_ANALYZER_NUMBER_OBJECT_CONVERSION = YES_AGGRESSIVE;
				CLANG_CXX_LANGUAGE_STANDARD = "gnu++17";
				CLANG_ENABLE_MODULES = YES;
				CLANG_ENABLE_OBJC_ARC = YES;
				CLANG_ENABLE_OBJC_WEAK = YES;
				CLANG_WARN_BLOCK_CAPTURE_AUTORELEASING = YES;
				CLANG_WARN_BOOL_CONVERSION = YES;
				CLANG_WARN_COMMA = YES;
				CLANG_WARN_CONSTANT_CONVERSION = YES;
				CLANG_WARN_DEPRECATED_OBJC_IMPLEMENTATIONS = YES;
				CLANG_WARN_DIRECT_OBJC_ISA_USAGE = YES_ERROR;
				CLANG_WARN_DOCUMENTATION_COMMENTS = YES;
				CLANG_WARN_EMPTY_BODY = YES;
				CLANG_WARN_ENUM_CONVERSION = YES;
				CLANG_WARN_INFINITE_RECURSION = YES;
				CLANG_WARN_INT_CONVERSION = YES;
				CLANG_WARN_NON_LITERAL_NULL_CONVERSION = YES;
				CLANG_WARN_OBJC_IMPLICIT_RETAIN_SELF = YES;
				CLANG_WARN_OBJC_LITERAL_CONVERSION = YES;
				CLANG_WARN_OBJC_ROOT_CLASS = YES_ERROR;
				CLANG_WARN_QUOTED_INCLUDE_IN_FRAMEWORK_HEADER = YES;
				CLANG_WARN_RANGE_LOOP_ANALYSIS = YES;
				CLANG_WARN_STRICT_PROTOTYPES = YES;
				CLANG_WARN_SUSPICIOUS_MOVE = YES;
				CLANG_WARN_UNGUARDED_AVAILABILITY = YES_AGGRESSIVE;
				CLANG_WARN_UNREACHABLE_CODE = YES;
				CLANG_WARN__DUPLICATE_METHOD_MATCH = YES;
				COPY_PHASE_STRIP = NO;
				DEBUG_INFORMATION_FORMAT = "dwarf-with-dsym";
				ENABLE_NS_ASSERTIONS = NO;
				ENABLE_STRICT_OBJC_MSGSEND = YES;
				GCC_C_LANGUAGE_STANDARD = gnu11;
				GCC_NO_COMMON_BLOCKS = YES;
				GCC_WARN_64_TO_32_BIT_CONVERSION = YES;
				GCC_WARN_ABOUT_RETURN_TYPE = YES_ERROR;
				GCC_WARN_UNDECLARED_SELECTOR = YES;
				GCC_WARN_UNINITIALIZED_AUTOS = YES_AGGRESSIVE;
				GCC_WARN_UNUSED_FUNCTION = YES;
				GCC_WARN_UNUSED_VARIABLE = YES;
				IPHONEOS_DEPLOYMENT_TARGET = 15.4;
				MTL_ENABLE_DEBUG_INFO = NO;
				MTL_FAST_MATH = YES;
				SDKROOT = iphoneos;
				SWIFT_COMPILATION_MODE = wholemodule;
				SWIFT_OPTIMIZATION_LEVEL = "-O";
				VALIDATE_PRODUCT = YES;
			};
			name = Release;
		};
		8425D4552836838700E5BB9F /* Debug */ = {
			isa = XCBuildConfiguration;
			buildSettings = {
				ASSETCATALOG_COMPILER_APPICON_NAME = AppIcon;
				ASSETCATALOG_COMPILER_GLOBAL_ACCENT_COLOR_NAME = AccentColor;
				CODE_SIGN_STYLE = Automatic;
				CURRENT_PROJECT_VERSION = 1;
				GENERATE_INFOPLIST_FILE = YES;
				INFOPLIST_FILE = AutoFillOTP/Info.plist;
				INFOPLIST_KEY_UIApplicationSupportsIndirectInputEvents = YES;
				INFOPLIST_KEY_UILaunchStoryboardName = LaunchScreen;
				INFOPLIST_KEY_UIMainStoryboardFile = Main;
				INFOPLIST_KEY_UISupportedInterfaceOrientations_iPad = "UIInterfaceOrientationPortrait UIInterfaceOrientationPortraitUpsideDown UIInterfaceOrientationLandscapeLeft UIInterfaceOrientationLandscapeRight";
				INFOPLIST_KEY_UISupportedInterfaceOrientations_iPhone = "UIInterfaceOrientationPortrait UIInterfaceOrientationLandscapeLeft UIInterfaceOrientationLandscapeRight";
				LD_RUNPATH_SEARCH_PATHS = (
					"$(inherited)",
					"@executable_path/Frameworks",
				);
				MARKETING_VERSION = 1.0;
				PRODUCT_BUNDLE_IDENTIFIER = com.AutoFillOTP.mac.AutoFillOTP;
				PRODUCT_NAME = "$(TARGET_NAME)";
				SWIFT_EMIT_LOC_STRINGS = YES;
				SWIFT_VERSION = 5.0;
				TARGETED_DEVICE_FAMILY = "1,2";
			};
			name = Debug;
		};
		8425D4562836838700E5BB9F /* Release */ = {
			isa = XCBuildConfiguration;
			buildSettings = {
				ASSETCATALOG_COMPILER_APPICON_NAME = AppIcon;
				ASSETCATALOG_COMPILER_GLOBAL_ACCENT_COLOR_NAME = AccentColor;
				CODE_SIGN_STYLE = Automatic;
				CURRENT_PROJECT_VERSION = 1;
				GENERATE_INFOPLIST_FILE = YES;
				INFOPLIST_FILE = AutoFillOTP/Info.plist;
				INFOPLIST_KEY_UIApplicationSupportsIndirectInputEvents = YES;
				INFOPLIST_KEY_UILaunchStoryboardName = LaunchScreen;
				INFOPLIST_KEY_UIMainStoryboardFile = Main;
				INFOPLIST_KEY_UISupportedInterfaceOrientations_iPad = "UIInterfaceOrientationPortrait UIInterfaceOrientationPortraitUpsideDown UIInterfaceOrientationLandscapeLeft UIInterfaceOrientationLandscapeRight";
				INFOPLIST_KEY_UISupportedInterfaceOrientations_iPhone = "UIInterfaceOrientationPortrait UIInterfaceOrientationLandscapeLeft UIInterfaceOrientationLandscapeRight";
				LD_RUNPATH_SEARCH_PATHS = (
					"$(inherited)",
					"@executable_path/Frameworks",
				);
				MARKETING_VERSION = 1.0;
				PRODUCT_BUNDLE_IDENTIFIER = com.AutoFillOTP.mac.AutoFillOTP;
				PRODUCT_NAME = "$(TARGET_NAME)";
				SWIFT_EMIT_LOC_STRINGS = YES;
				SWIFT_VERSION = 5.0;
				TARGETED_DEVICE_FAMILY = "1,2";
			};
			name = Release;
		};
		8425D4582836838700E5BB9F /* Debug */ = {
			isa = XCBuildConfiguration;
			buildSettings = {
				ALWAYS_EMBED_SWIFT_STANDARD_LIBRARIES = YES;
				BUNDLE_LOADER = "$(TEST_HOST)";
				CODE_SIGN_STYLE = Automatic;
				CURRENT_PROJECT_VERSION = 1;
				GENERATE_INFOPLIST_FILE = YES;
				IPHONEOS_DEPLOYMENT_TARGET = 15.4;
				MARKETING_VERSION = 1.0;
				PRODUCT_BUNDLE_IDENTIFIER = com.AutoFillOTP.mac.AutoFillOTPTests;
				PRODUCT_NAME = "$(TARGET_NAME)";
				SWIFT_EMIT_LOC_STRINGS = NO;
				SWIFT_VERSION = 5.0;
				TARGETED_DEVICE_FAMILY = "1,2";
				TEST_HOST = "$(BUILT_PRODUCTS_DIR)/AutoFillOTP.app/AutoFillOTP";
			};
			name = Debug;
		};
		8425D4592836838700E5BB9F /* Release */ = {
			isa = XCBuildConfiguration;
			buildSettings = {
				ALWAYS_EMBED_SWIFT_STANDARD_LIBRARIES = YES;
				BUNDLE_LOADER = "$(TEST_HOST)";
				CODE_SIGN_STYLE = Automatic;
				CURRENT_PROJECT_VERSION = 1;
				GENERATE_INFOPLIST_FILE = YES;
				IPHONEOS_DEPLOYMENT_TARGET = 15.4;
				MARKETING_VERSION = 1.0;
				PRODUCT_BUNDLE_IDENTIFIER = com.AutoFillOTP.mac.AutoFillOTPTests;
				PRODUCT_NAME = "$(TARGET_NAME)";
				SWIFT_EMIT_LOC_STRINGS = NO;
				SWIFT_VERSION = 5.0;
				TARGETED_DEVICE_FAMILY = "1,2";
				TEST_HOST = "$(BUILT_PRODUCTS_DIR)/AutoFillOTP.app/AutoFillOTP";
			};
			name = Release;
		};
		8425D45B2836838700E5BB9F /* Debug */ = {
			isa = XCBuildConfiguration;
			buildSettings = {
				ALWAYS_EMBED_SWIFT_STANDARD_LIBRARIES = YES;
				CODE_SIGN_STYLE = Automatic;
				CURRENT_PROJECT_VERSION = 1;
				GENERATE_INFOPLIST_FILE = YES;
				MARKETING_VERSION = 1.0;
				PRODUCT_BUNDLE_IDENTIFIER = com.AutoFillOTP.mac.AutoFillOTPUITests;
				PRODUCT_NAME = "$(TARGET_NAME)";
				SWIFT_EMIT_LOC_STRINGS = NO;
				SWIFT_VERSION = 5.0;
				TARGETED_DEVICE_FAMILY = "1,2";
				TEST_TARGET_NAME = AutoFillOTP;
			};
			name = Debug;
		};
		8425D45C2836838700E5BB9F /* Release */ = {
			isa = XCBuildConfiguration;
			buildSettings = {
				ALWAYS_EMBED_SWIFT_STANDARD_LIBRARIES = YES;
				CODE_SIGN_STYLE = Automatic;
				CURRENT_PROJECT_VERSION = 1;
				GENERATE_INFOPLIST_FILE = YES;
				MARKETING_VERSION = 1.0;
				PRODUCT_BUNDLE_IDENTIFIER = com.AutoFillOTP.mac.AutoFillOTPUITests;
				PRODUCT_NAME = "$(TARGET_NAME)";
				SWIFT_EMIT_LOC_STRINGS = NO;
				SWIFT_VERSION = 5.0;
				TARGETED_DEVICE_FAMILY = "1,2";
				TEST_TARGET_NAME = AutoFillOTP;
			};
			name = Release;
		};
/* End XCBuildConfiguration section */

/* Begin XCConfigurationList section */
		8425D4252836838500E5BB9F /* Build configuration list for PBXProject "AutoFillOTP" */ = {
			isa = XCConfigurationList;
			buildConfigurations = (
				8425D4522836838700E5BB9F /* Debug */,
				8425D4532836838700E5BB9F /* Release */,
			);
			defaultConfigurationIsVisible = 0;
			defaultConfigurationName = Release;
		};
		8425D4542836838700E5BB9F /* Build configuration list for PBXNativeTarget "AutoFillOTP" */ = {
			isa = XCConfigurationList;
			buildConfigurations = (
				8425D4552836838700E5BB9F /* Debug */,
				8425D4562836838700E5BB9F /* Release */,
			);
			defaultConfigurationIsVisible = 0;
			defaultConfigurationName = Release;
		};
		8425D4572836838700E5BB9F /* Build configuration list for PBXNativeTarget "AutoFillOTPTests" */ = {
			isa = XCConfigurationList;
			buildConfigurations = (
				8425D4582836838700E5BB9F /* Debug */,
				8425D4592836838700E5BB9F /* Release */,
			);
			defaultConfigurationIsVisible = 0;
			defaultConfigurationName = Release;
		};
		8425D45A2836838700E5BB9F /* Build configuration list for PBXNativeTarget "AutoFillOTPUITests" */ = {
			isa = XCConfigurationList;
			buildConfigurations = (
				8425D45B2836838700E5BB9F /* Debug */,
				8425D45C2836838700E5BB9F /* Release */,
			);
			defaultConfigurationIsVisible = 0;
			defaultConfigurationName = Release;
		};
/* End XCConfigurationList section */
	};
	rootObject = 8425D4222836838500E5BB9F /* Project object */;
}
